
Microsoft Visual Studio Solution File, Format Version 12.00
# Visual Studio 15
VisualStudioVersion = 15.0.28307.489
MinimumVisualStudioVersion = 10.0.40219.1
Project("{FAE04EC0-301F-11D3-BF4B-00C04F79EFBC}") = "MyJoga", "MyJoga\MyJoga.csproj", "{FFB48B40-F664-4A4D-8A52-AB53EB73A33D}"
EndProject
Global
	GlobalSection(SolutionConfigurationPlatforms) = preSolution
		Debug|Any CPU = Debug|Any CPU
		Release|Any CPU = Release|Any CPU
	EndGlobalSection
	GlobalSection(ProjectConfigurationPlatforms) = postSolution
		{FFB48B40-F664-4A4D-8A52-AB53EB73A33D}.Debug|Any CPU.ActiveCfg = Debug|Any CPU
		{FFB48B40-F664-4A4D-8A52-AB53EB73A33D}.Debug|Any CPU.Build.0 = Debug|Any CPU
		{FFB48B40-F664-4A4D-8A52-AB53EB73A33D}.Release|Any CPU.ActiveCfg = Release|Any CPU
		{FFB48B40-F664-4A4D-8A52-AB53EB73A33D}.Release|Any CPU.Build.0 = Release|Any CPU
	EndGlobalSection
	GlobalSection(SolutionProperties) = preSolution
		HideSolutionNode = FALSE
	EndGlobalSection
	GlobalSection(ExtensibilityGlobals) = postSolution
		SolutionGuid = {FC101750-1965-4F5D-AD44-3F404A65D400}
	EndGlobalSection
EndGlobal
